// !$*UTF8*$!
{
	archiveVersion = 1;
	classes = {
	};
	objectVersion = 46;
	objects = {

/* Begin PBXBuildFile section */
		26B820C31C2F733900395DD2 /* AddPostVC.swift in Sources */ = {isa = PBXBuildFile; fileRef = 26B820C21C2F733900395DD2 /* AddPostVC.swift */; };
		26B820C61C2F807300395DD2 /* DataService.swift in Sources */ = {isa = PBXBuildFile; fileRef = 26B820C51C2F807300395DD2 /* DataService.swift */; };
		26CC2A061C2EF0C800825F76 /* AppDelegate.swift in Sources */ = {isa = PBXBuildFile; fileRef = 26CC2A051C2EF0C800825F76 /* AppDelegate.swift */; };
		26CC2A081C2EF0C800825F76 /* ViewController.swift in Sources */ = {isa = PBXBuildFile; fileRef = 26CC2A071C2EF0C800825F76 /* ViewController.swift */; };
		26CC2A0B1C2EF0C800825F76 /* Main.storyboard in Resources */ = {isa = PBXBuildFile; fileRef = 26CC2A091C2EF0C800825F76 /* Main.storyboard */; };
		26CC2A0D1C2EF0C800825F76 /* Assets.xcassets in Resources */ = {isa = PBXBuildFile; fileRef = 26CC2A0C1C2EF0C800825F76 /* Assets.xcassets */; };
		26CC2A101C2EF0C800825F76 /* LaunchScreen.storyboard in Resources */ = {isa = PBXBuildFile; fileRef = 26CC2A0E1C2EF0C800825F76 /* LaunchScreen.storyboard */; };
		26CC2A191C2EF13400825F76 /* Post.swift in Sources */ = {isa = PBXBuildFile; fileRef = 26CC2A181C2EF13400825F76 /* Post.swift */; };
		26CC2A1C1C2EFEDE00825F76 /* PostCell.swift in Sources */ = {isa = PBXBuildFile; fileRef = 26CC2A1B1C2EFEDE00825F76 /* PostCell.swift */; };
/* End PBXBuildFile section */

/* Begin PBXFileReference section */
		26B820C21C2F733900395DD2 /* AddPostVC.swift */ = {isa = PBXFileReference; fileEncoding = 4; lastKnownFileType = sourcecode.swift; path = AddPostVC.swift; sourceTree = "<group>"; };
		26B820C51C2F807300395DD2 /* DataService.swift */ = {isa = PBXFileReference; fileEncoding = 4; lastKnownFileType = sourcecode.swift; path = DataService.swift; sourceTree = "<group>"; };
		26CC2A021C2EF0C800825F76 /* my-hood-demo.app */ = {isa = PBXFileReference; explicitFileType = wrapper.application; includeInIndex = 0; path = "my-hood-demo.app"; sourceTree = BUILT_PRODUCTS_DIR; };
		26CC2A051C2EF0C800825F76 /* AppDelegate.swift */ = {isa = PBXFileReference; lastKnownFileType = sourcecode.swift; path = AppDelegate.swift; sourceTree = "<group>"; };
		26CC2A071C2EF0C800825F76 /* ViewController.swift */ = {isa = PBXFileReference; lastKnownFileType = sourcecode.swift; path = ViewController.swift; sourceTree = "<group>"; };
		26CC2A0A1C2EF0C800825F76 /* Base */ = {isa = PBXFileReference; lastKnownFileType = file.storyboard; name = Base; path = Base.lproj/Main.storyboard; sourceTree = "<group>"; };
		26CC2A0C1C2EF0C800825F76 /* Assets.xcassets */ = {isa = PBXFileReference; lastKnownFileType = folder.assetcatalog; path = Assets.xcassets; sourceTree = "<group>"; };
		26CC2A0F1C2EF0C800825F76 /* Base */ = {isa = PBXFileReference; lastKnownFileType = file.storyboard; name = Base; path = Base.lproj/LaunchScreen.storyboard; sourceTree = "<group>"; };
		26CC2A111C2EF0C800825F76 /* Info.plist */ = {isa = PBXFileReference; lastKnownFileType = text.plist.xml; path = Info.plist; sourceTree = "<group>"; };
		26CC2A181C2EF13400825F76 /* Post.swift */ = {isa = PBXFileReference; fileEncoding = 4; lastKnownFileType = sourcecode.swift; path = Post.swift; sourceTree = "<group>"; };
		26CC2A1B1C2EFEDE00825F76 /* PostCell.swift */ = {isa = PBXFileReference; fileEncoding = 4; lastKnownFileType = sourcecode.swift; path = PostCell.swift; sourceTree = "<group>"; };
/* End PBXFileReference section */

/* Begin PBXFrameworksBuildPhase section */
		26CC29FF1C2EF0C800825F76 /* Frameworks */ = {
			isa = PBXFrameworksBuildPhase;
			buildActionMask = 2147483647;
			files = (
			);
			runOnlyForDeploymentPostprocessing = 0;
		};
/* End PBXFrameworksBuildPhase section */

/* Begin PBXGroup section */
		26B820C11C2F72DE00395DD2 /* Controller */ = {
			isa = PBXGroup;
			children = (
				26CC2A071C2EF0C800825F76 /* ViewController.swift */,
				26B820C21C2F733900395DD2 /* AddPostVC.swift */,
			);
			name = Controller;
			sourceTree = "<group>";
		};
		26B820C41C2F806000395DD2 /* Services */ = {
			isa = PBXGroup;
			children = (
				26B820C51C2F807300395DD2 /* DataService.swift */,
			);
			name = Services;
			sourceTree = "<group>";
		};
		26CC29F91C2EF0C800825F76 = {
			isa = PBXGroup;
			children = (
				26CC2A041C2EF0C800825F76 /* my-hood-demo */,
				26CC2A031C2EF0C800825F76 /* Products */,
			);
			sourceTree = "<group>";
		};
		26CC2A031C2EF0C800825F76 /* Products */ = {
			isa = PBXGroup;
			children = (
				26CC2A021C2EF0C800825F76 /* my-hood-demo.app */,
			);
			name = Products;
			sourceTree = "<group>";
		};
		26CC2A041C2EF0C800825F76 /* my-hood-demo */ = {
			isa = PBXGroup;
			children = (
				26B820C41C2F806000395DD2 /* Services */,
				26CC2A171C2EF12500825F76 /* Model */,
				26CC2A1A1C2EFEB700825F76 /* View */,
				26B820C11C2F72DE00395DD2 /* Controller */,
				26CC2A051C2EF0C800825F76 /* AppDelegate.swift */,
				26CC2A0C1C2EF0C800825F76 /* Assets.xcassets */,
				26CC2A111C2EF0C800825F76 /* Info.plist */,
			);
			path = "my-hood-demo";
			sourceTree = "<group>";
		};
		26CC2A171C2EF12500825F76 /* Model */ = {
			isa = PBXGroup;
			children = (
				26CC2A181C2EF13400825F76 /* Post.swift */,
			);
			name = Model;
			sourceTree = "<group>";
		};
		26CC2A1A1C2EFEB700825F76 /* View */ = {
			isa = PBXGroup;
			children = (
				26CC2A0E1C2EF0C800825F76 /* LaunchScreen.storyboard */,
				26CC2A091C2EF0C800825F76 /* Main.storyboard */,
				26CC2A1B1C2EFEDE00825F76 /* PostCell.swift */,
			);
			name = View;
			sourceTree = "<group>";
		};
/* End PBXGroup section */

/* Begin PBXNativeTarget section */
		26CC2A011C2EF0C800825F76 /* my-hood-demo */ = {
			isa = PBXNativeTarget;
			buildConfigurationList = 26CC2A141C2EF0C800825F76 /* Build configuration list for PBXNativeTarget "my-hood-demo" */;
			buildPhases = (
				26CC29FE1C2EF0C800825F76 /* Sources */,
				26CC29FF1C2EF0C800825F76 /* Frameworks */,
				26CC2A001C2EF0C800825F76 /* Resources */,
			);
			buildRules = (
			);
			dependencies = (
			);
			name = "my-hood-demo";
			productName = "my-hood-demo";
			productReference = 26CC2A021C2EF0C800825F76 /* my-hood-demo.app */;
			productType = "com.apple.product-type.application";
		};
/* End PBXNativeTarget section */

/* Begin PBXProject section */
		26CC29FA1C2EF0C800825F76 /* Project object */ = {
			isa = PBXProject;
			attributes = {
				LastSwiftUpdateCheck = 0720;
				LastUpgradeCheck = 0720;
				ORGANIZATIONNAME = "Maynesoft LLC";
				TargetAttributes = {
					26CC2A011C2EF0C800825F76 = {
						CreatedOnToolsVersion = 7.2;
					};
				};
			};
			buildConfigurationList = 26CC29FD1C2EF0C800825F76 /* Build configuration list for PBXProject "my-hood-demo" */;
			compatibilityVersion = "Xcode 3.2";
			developmentRegion = English;
			hasScannedForEncodings = 0;
			knownRegions = (
				en,
				Base,
			);
			mainGroup = 26CC29F91C2EF0C800825F76;
			productRefGroup = 26CC2A031C2EF0C800825F76 /* Products */;
			projectDirPath = "";
			projectRoot = "";
			targets = (
				26CC2A011C2EF0C800825F76 /* my-hood-demo */,
			);
		};
/* End PBXProject section */

/* Begin PBXResourcesBuildPhase section */
		26CC2A001C2EF0C800825F76 /* Resources */ = {
			isa = PBXResourcesBuildPhase;
			buildActionMask = 2147483647;
			files = (
				26CC2A101C2EF0C800825F76 /* LaunchScreen.storyboard in Resources */,
				26CC2A0D1C2EF0C800825F76 /* Assets.xcassets in Resources */,
				26CC2A0B1C2EF0C800825F76 /* Main.storyboard in Resources */,
			);
			runOnlyForDeploymentPostprocessing = 0;
		};
/* End PBXResourcesBuildPhase section */

/* Begin PBXSourcesBuildPhase section */
		26CC29FE1C2EF0C800825F76 /* Sources */ = {
			isa = PBXSourcesBuildPhase;
			buildActionMask = 2147483647;
			files = (
				26CC2A191C2EF13400825F76 /* Post.swift in Sources */,
				26CC2A081C2EF0C800825F76 /* ViewController.swift in Sources */,
				26B820C31C2F733900395DD2 /* AddPostVC.swift in Sources */,
				26B820C61C2F807300395DD2 /* DataService.swift in Sources */,
				26CC2A061C2EF0C800825F76 /* AppDelegate.swift in Sources */,
				26CC2A1C1C2EFEDE00825F76 /* PostCell.swift in Sources */,
			);
			runOnlyForDeploymentPostprocessing = 0;
		};
/* End PBXSourcesBuildPhase section */

/* Begin PBXVariantGroup section */
		26CC2A091C2EF0C800825F76 /* Main.storyboard */ = {
			isa = PBXVariantGroup;
			children = (
				26CC2A0A1C2EF0C800825F76 /* Base */,
			);
			name = Main.storyboard;
			sourceTree = "<group>";
		};
		26CC2A0E1C2EF0C800825F76 /* LaunchScreen.storyboard */ = {
			isa = PBXVariantGroup;
			children = (
				26CC2A0F1C2EF0C800825F76 /* Base */,
			);
			name = LaunchScreen.storyboard;
			sourceTree = "<group>";
		};
/* End PBXVariantGroup section */

/* Begin XCBuildConfiguration section */
		26CC2A121C2EF0C800825F76 /* Debug */ = {
			isa = XCBuildConfiguration;
			buildSettings = {
				ALWAYS_SEARCH_USER_PATHS = NO;
				CLANG_CXX_LANGUAGE_STANDARD = "gnu++0x";
				CLANG_CXX_LIBRARY = "libc++";
				CLANG_ENABLE_MODULES = YES;
				CLANG_ENABLE_OBJC_ARC = YES;
				CLANG_WARN_BOOL_CONVERSION = YES;
				CLANG_WARN_CONSTANT_CONVERSION = YES;
				CLANG_WARN_DIRECT_OBJC_ISA_USAGE = YES_ERROR;
				CLANG_WARN_EMPTY_BODY = YES;
				CLANG_WARN_ENUM_CONVERSION = YES;
				CLANG_WARN_INT_CONVERSION = YES;
				CLANG_WARN_OBJC_ROOT_CLASS = YES_ERROR;
				CLANG_WARN_UNREACHABLE_CODE = YES;
				CLANG_WARN__DUPLICATE_METHOD_MATCH = YES;
				"CODE_SIGN_IDENTITY[sdk=iphoneos*]" = "iPhone Developer";
				COPY_PHASE_STRIP = NO;
				DEBUG_INFORMATION_FORMAT = dwarf;
				ENABLE_STRICT_OBJC_MSGSEND = YES;
				ENABLE_TESTABILITY = YES;
				GCC_C_LANGUAGE_STANDARD = gnu99;
				GCC_DYNAMIC_NO_PIC = NO;
				GCC_NO_COMMON_BLOCKS = YES;
				GCC_OPTIMIZATION_LEVEL = 0;
				GCC_PREPROCESSOR_DEFINITIONS = (
					"DEBUG=1",
					"$(inherited)",
				);
				GCC_WARN_64_TO_32_BIT_CONVERSION = YES;
				GCC_WARN_ABOUT_RETURN_TYPE = YES_ERROR;
				GCC_WARN_UNDECLARED_SELECTOR = YES;
				GCC_WARN_UNINITIALIZED_AUTOS = YES_AGGRESSIVE;
				GCC_WARN_UNUSED_FUNCTION = YES;
				GCC_WARN_UNUSED_VARIABLE = YES;
				IPHONEOS_DEPLOYMENT_TARGET = 9.2;
				MTL_ENABLE_DEBUG_INFO = YES;
				ONLY_ACTIVE_ARCH = YES;
				SDKROOT = iphoneos;
				SWIFT_OPTIMIZATION_LEVEL = "-Onone";
				TARGETED_DEVICE_FAMILY = "1,2";
			};
			name = Debug;
		};
		26CC2A131C2EF0C800825F76 /* Release */ = {
			isa = XCBuildConfiguration;
			buildSettings = {
				ALWAYS_SEARCH_USER_PATHS = NO;
				CLANG_CXX_LANGUAGE_STANDARD = "gnu++0x";
				CLANG_CXX_LIBRARY = "libc++";
				CLANG_ENABLE_MODULES = YES;
				CLANG_ENABLE_OBJC_ARC = YES;
				CLANG_WARN_BOOL_CONVERSION = YES;
				CLANG_WARN_CONSTANT_CONVERSION = YES;
				CLANG_WARN_DIRECT_OBJC_ISA_USAGE = YES_ERROR;
				CLANG_WARN_EMPTY_BODY = YES;
				CLANG_WARN_ENUM_CONVERSION = YES;
				CLANG_WARN_INT_CONVERSION = YES;
				CLANG_WARN_OBJC_ROOT_CLASS = YES_ERROR;
				CLANG_WARN_UNREACHABLE_CODE = YES;
				CLANG_WARN__DUPLICATE_METHOD_MATCH = YES;
				"CODE_SIGN_IDENTITY[sdk=iphoneos*]" = "iPhone Developer";
				COPY_PHASE_STRIP = NO;
				DEBUG_INFORMATION_FORMAT = "dwarf-with-dsym";
				ENABLE_NS_ASSERTIONS = NO;
				ENABLE_STRICT_OBJC_MSGSEND = YES;
				GCC_C_LANGUAGE_STANDARD = gnu99;
				GCC_NO_COMMON_BLOCKS = YES;
				GCC_WARN_64_TO_32_BIT_CONVERSION = YES;
				GCC_WARN_ABOUT_RETURN_TYPE = YES_ERROR;
				GCC_WARN_UNDECLARED_SELECTOR = YES;
				GCC_WARN_UNINITIALIZED_AUTOS = YES_AGGRESSIVE;
				GCC_WARN_UNUSED_FUNCTION = YES;
				GCC_WARN_UNUSED_VARIABLE = YES;
				IPHONEOS_DEPLOYMENT_TARGET = 9.2;
				MTL_ENABLE_DEBUG_INFO = NO;
				SDKROOT = iphoneos;
				TARGETED_DEVICE_FAMILY = "1,2";
				VALIDATE_PRODUCT = YES;
			};
			name = Release;
		};
		26CC2A151C2EF0C800825F76 /* Debug */ = {
			isa = XCBuildConfiguration;
			buildSettings = {
				ASSETCATALOG_COMPILER_APPICON_NAME = AppIcon;
				INFOPLIST_FILE = "my-hood-demo/Info.plist";
				LD_RUNPATH_SEARCH_PATHS = "$(inherited) @executable_path/Frameworks";
				PRODUCT_BUNDLE_IDENTIFIER = "com.maynesoft.my-hood-demo";
				PRODUCT_NAME = "$(TARGET_NAME)";
			};
			name = Debug;
		};
		26CC2A161C2EF0C800825F76 /* Release */ = {
			isa = XCBuildConfiguration;
			buildSettings = {
				ASSETCATALOG_COMPILER_APPICON_NAME = AppIcon;
				INFOPLIST_FILE = "my-hood-demo/Info.plist";
				LD_RUNPATH_SEARCH_PATHS = "$(inherited) @executable_path/Frameworks";
				PRODUCT_BUNDLE_IDENTIFIER = "com.maynesoft.my-hood-demo";
				PRODUCT_NAME = "$(TARGET_NAME)";
			};
			name = Release;
		};
/* End XCBuildConfiguration section */

/* Begin XCConfigurationList section */
		26CC29FD1C2EF0C800825F76 /* Build configuration list for PBXProject "my-hood-demo" */ = {
			isa = XCConfigurationList;
			buildConfigurations = (
				26CC2A121C2EF0C800825F76 /* Debug */,
				26CC2A131C2EF0C800825F76 /* Release */,
			);
			defaultConfigurationIsVisible = 0;
			defaultConfigurationName = Release;
		};
		26CC2A141C2EF0C800825F76 /* Build configuration list for PBXNativeTarget "my-hood-demo" */ = {
			isa = XCConfigurationList;
			buildConfigurations = (
				26CC2A151C2EF0C800825F76 /* Debug */,
				26CC2A161C2EF0C800825F76 /* Release */,
			);
			defaultConfigurationIsVisible = 0;
			defaultConfigurationName = Release;
		};
/* End XCConfigurationList section */
	};
	rootObject = 26CC29FA1C2EF0C800825F76 /* Project object */;
}
